
Microsoft Visual Studio Solution File, Format Version 12.00
# Visual Studio Version 17
VisualStudioVersion = 17.5.33530.505
MinimumVisualStudioVersion = 10.0.40219.1
Project("{FAE04EC0-301F-11D3-BF4B-00C04F79EFBC}") = "KPI_System", "KPI_System\KPI_System.csproj", "{A561559A-97F0-474B-A84F-7A0CB4C8E2D5}"
EndProject
Global
	GlobalSection(SolutionConfigurationPlatforms) = preSolution
		Debug|Any CPU = Debug|Any CPU
		Release|Any CPU = Release|Any CPU
	EndGlobalSection
	GlobalSection(ProjectConfigurationPlatforms) = postSolution
		{A561559A-97F0-474B-A84F-7A0CB4C8E2D5}.Debug|Any CPU.ActiveCfg = Debug|Any CPU
		{A561559A-97F0-474B-A84F-7A0CB4C8E2D5}.Debug|Any CPU.Build.0 = Debug|Any CPU
		{A561559A-97F0-474B-A84F-7A0CB4C8E2D5}.Release|Any CPU.ActiveCfg = Release|Any CPU
		{A561559A-97F0-474B-A84F-7A0CB4C8E2D5}.Release|Any CPU.Build.0 = Release|Any CPU
	EndGlobalSection
	GlobalSection(SolutionProperties) = preSolution
		HideSolutionNode = FALSE
	EndGlobalSection
	GlobalSection(ExtensibilityGlobals) = postSolution
		SolutionGuid = {F1B9D11B-9FE9-413D-818F-682B01CA6B25}
	EndGlobalSection
EndGlobal
